<?xml version="1.0" encoding="utf-8"?>
<Project ToolsVersion="17.0" xmlns="http://schemas.microsoft.com/developer/msbuild/2003">
  <ItemGroup>
    <CustomBuild Include="C:\Users\Ashton\Documents\GD Mods\gd-mod-example\CMakeFiles\c64d7beccdb0dadb7c6fe47fbdc669d6\INSTALL_force.rule">
      <Filter>CMake Rules</Filter>
    </CustomBuild>
  </ItemGroup>
  <ItemGroup>
    <Filter Include="CMake Rules">
      <UniqueIdentifier>{8B812D36-BF9F-3958-B9C1-C98B2C02CCC5}</UniqueIdentifier>
    </Filter>
  </ItemGroup>
</Project>
